# This file is automatically @generated by Poetry 1.4.2 and should not be changed by hand.

[[package]]
name = "argopt"
version = "0.8.2"
description = "doc to argparse driven by docopt"
category = "main"
optional = false
python-versions = ">=3.7"
files = [
    {file = "argopt-0.8.2-py3-none-any.whl", hash = "sha256:c613eac7f0712760340f0b67cd5ef4b7537319f92ad5ce48a83c9132d249f8a1"},
    {file = "argopt-0.8.2.tar.gz", hash = "sha256:fabdb99043a82a320e0c257719f59a677404640dce97b079d2dac9b6b581aeec"},
]

[package.extras]
dev = ["py-make (>=0.1.0)", "twine", "wheel"]

[metadata]
lock-version = "2.0"
python-versions = "^3.11"
content-hash = "770a8bb851b46df50f1edacb5f8301c0bd9fd74e2af10520f70f3c986c52270b"
